// !$*UTF8*$!
{
	archiveVersion = 1;
	classes = {
	};
	objectVersion = 46;
	objects = {

/* Begin PBXBuildFile section */
		71EE2B9C1B6C032800E0A114 /* AppDelegate.swift in Sources */ = {isa = PBXBuildFile; fileRef = 71EE2B9B1B6C032800E0A114 /* AppDelegate.swift */; };
		71EE2B9E1B6C032800E0A114 /* ViewController.swift in Sources */ = {isa = PBXBuildFile; fileRef = 71EE2B9D1B6C032800E0A114 /* ViewController.swift */; };
		71EE2BA11B6C032800E0A114 /* Main.storyboard in Resources */ = {isa = PBXBuildFile; fileRef = 71EE2B9F1B6C032800E0A114 /* Main.storyboard */; };
		71EE2BA31B6C032800E0A114 /* Images.xcassets in Resources */ = {isa = PBXBuildFile; fileRef = 71EE2BA21B6C032800E0A114 /* Images.xcassets */; };
		71EE2BA61B6C032800E0A114 /* LaunchScreen.xib in Resources */ = {isa = PBXBuildFile; fileRef = 71EE2BA41B6C032800E0A114 /* LaunchScreen.xib */; };
		71EE2BB21B6C032800E0A114 /* MemeMeTests.swift in Sources */ = {isa = PBXBuildFile; fileRef = 71EE2BB11B6C032800E0A114 /* MemeMeTests.swift */; };
		71EE2BBC1B6C9D8C00E0A114 /* MemeTextField.swift in Sources */ = {isa = PBXBuildFile; fileRef = 71EE2BBB1B6C9D8C00E0A114 /* MemeTextField.swift */; };
		71EE2BBE1B6D531F00E0A114 /* MemeTextFieldDelegate.swift in Sources */ = {isa = PBXBuildFile; fileRef = 71EE2BBD1B6D531F00E0A114 /* MemeTextFieldDelegate.swift */; };
		71EE2BC01B6D607500E0A114 /* Karbon-Bold.otf in Resources */ = {isa = PBXBuildFile; fileRef = 71EE2BBF1B6D5FC500E0A114 /* Karbon-Bold.otf */; };
/* End PBXBuildFile section */

/* Begin PBXContainerItemProxy section */
		71EE2BAC1B6C032800E0A114 /* PBXContainerItemProxy */ = {
			isa = PBXContainerItemProxy;
			containerPortal = 71EE2B8E1B6C032800E0A114 /* Project object */;
			proxyType = 1;
			remoteGlobalIDString = 71EE2B951B6C032800E0A114;
			remoteInfo = MemeMe;
		};
/* End PBXContainerItemProxy section */

/* Begin PBXFileReference section */
		71EE2B961B6C032800E0A114 /* MemeMe.app */ = {isa = PBXFileReference; explicitFileType = wrapper.application; includeInIndex = 0; path = MemeMe.app; sourceTree = BUILT_PRODUCTS_DIR; };
		71EE2B9A1B6C032800E0A114 /* Info.plist */ = {isa = PBXFileReference; lastKnownFileType = text.plist.xml; path = Info.plist; sourceTree = "<group>"; };
		71EE2B9B1B6C032800E0A114 /* AppDelegate.swift */ = {isa = PBXFileReference; lastKnownFileType = sourcecode.swift; path = AppDelegate.swift; sourceTree = "<group>"; };
		71EE2B9D1B6C032800E0A114 /* ViewController.swift */ = {isa = PBXFileReference; lastKnownFileType = sourcecode.swift; path = ViewController.swift; sourceTree = "<group>"; };
		71EE2BA01B6C032800E0A114 /* Base */ = {isa = PBXFileReference; lastKnownFileType = file.storyboard; name = Base; path = Base.lproj/Main.storyboard; sourceTree = "<group>"; };
		71EE2BA21B6C032800E0A114 /* Images.xcassets */ = {isa = PBXFileReference; lastKnownFileType = folder.assetcatalog; path = Images.xcassets; sourceTree = "<group>"; };
		71EE2BA51B6C032800E0A114 /* Base */ = {isa = PBXFileReference; lastKnownFileType = file.xib; name = Base; path = Base.lproj/LaunchScreen.xib; sourceTree = "<group>"; };
		71EE2BAB1B6C032800E0A114 /* MemeMeTests.xctest */ = {isa = PBXFileReference; explicitFileType = wrapper.cfbundle; includeInIndex = 0; path = MemeMeTests.xctest; sourceTree = BUILT_PRODUCTS_DIR; };
		71EE2BB01B6C032800E0A114 /* Info.plist */ = {isa = PBXFileReference; lastKnownFileType = text.plist.xml; path = Info.plist; sourceTree = "<group>"; };
		71EE2BB11B6C032800E0A114 /* MemeMeTests.swift */ = {isa = PBXFileReference; lastKnownFileType = sourcecode.swift; path = MemeMeTests.swift; sourceTree = "<group>"; };
		71EE2BBB1B6C9D8C00E0A114 /* MemeTextField.swift */ = {isa = PBXFileReference; fileEncoding = 4; lastKnownFileType = sourcecode.swift; path = MemeTextField.swift; sourceTree = "<group>"; };
		71EE2BBD1B6D531F00E0A114 /* MemeTextFieldDelegate.swift */ = {isa = PBXFileReference; fileEncoding = 4; lastKnownFileType = sourcecode.swift; path = MemeTextFieldDelegate.swift; sourceTree = "<group>"; };
		71EE2BBF1B6D5FC500E0A114 /* Karbon-Bold.otf */ = {isa = PBXFileReference; lastKnownFileType = file; name = "Karbon-Bold.otf"; path = "../Karbon-Bold.otf"; sourceTree = "<group>"; };
/* End PBXFileReference section */

/* Begin PBXFrameworksBuildPhase section */
		71EE2B931B6C032800E0A114 /* Frameworks */ = {
			isa = PBXFrameworksBuildPhase;
			buildActionMask = 2147483647;
			files = (
			);
			runOnlyForDeploymentPostprocessing = 0;
		};
		71EE2BA81B6C032800E0A114 /* Frameworks */ = {
			isa = PBXFrameworksBuildPhase;
			buildActionMask = 2147483647;
			files = (
			);
			runOnlyForDeploymentPostprocessing = 0;
		};
/* End PBXFrameworksBuildPhase section */

/* Begin PBXGroup section */
		71EE2B8D1B6C032800E0A114 = {
			isa = PBXGroup;
			children = (
				71EE2B981B6C032800E0A114 /* MemeMe */,
				71EE2BAE1B6C032800E0A114 /* MemeMeTests */,
				71EE2B971B6C032800E0A114 /* Products */,
			);
			sourceTree = "<group>";
		};
		71EE2B971B6C032800E0A114 /* Products */ = {
			isa = PBXGroup;
			children = (
				71EE2B961B6C032800E0A114 /* MemeMe.app */,
				71EE2BAB1B6C032800E0A114 /* MemeMeTests.xctest */,
			);
			name = Products;
			sourceTree = "<group>";
		};
		71EE2B981B6C032800E0A114 /* MemeMe */ = {
			isa = PBXGroup;
			children = (
				71EE2B9B1B6C032800E0A114 /* AppDelegate.swift */,
				71EE2B9D1B6C032800E0A114 /* ViewController.swift */,
				71EE2B9F1B6C032800E0A114 /* Main.storyboard */,
				71EE2BA21B6C032800E0A114 /* Images.xcassets */,
				71EE2BA41B6C032800E0A114 /* LaunchScreen.xib */,
				71EE2B991B6C032800E0A114 /* Supporting Files */,
				71EE2BBB1B6C9D8C00E0A114 /* MemeTextField.swift */,
				71EE2BBD1B6D531F00E0A114 /* MemeTextFieldDelegate.swift */,
			);
			path = MemeMe;
			sourceTree = "<group>";
		};
		71EE2B991B6C032800E0A114 /* Supporting Files */ = {
			isa = PBXGroup;
			children = (
				71EE2BBF1B6D5FC500E0A114 /* Karbon-Bold.otf */,
				71EE2B9A1B6C032800E0A114 /* Info.plist */,
			);
			name = "Supporting Files";
			sourceTree = "<group>";
		};
		71EE2BAE1B6C032800E0A114 /* MemeMeTests */ = {
			isa = PBXGroup;
			children = (
				71EE2BB11B6C032800E0A114 /* MemeMeTests.swift */,
				71EE2BAF1B6C032800E0A114 /* Supporting Files */,
			);
			path = MemeMeTests;
			sourceTree = "<group>";
		};
		71EE2BAF1B6C032800E0A114 /* Supporting Files */ = {
			isa = PBXGroup;
			children = (
				71EE2BB01B6C032800E0A114 /* Info.plist */,
			);
			name = "Supporting Files";
			sourceTree = "<group>";
		};
/* End PBXGroup section */

/* Begin PBXNativeTarget section */
		71EE2B951B6C032800E0A114 /* MemeMe */ = {
			isa = PBXNativeTarget;
			buildConfigurationList = 71EE2BB51B6C032800E0A114 /* Build configuration list for PBXNativeTarget "MemeMe" */;
			buildPhases = (
				71EE2B921B6C032800E0A114 /* Sources */,
				71EE2B931B6C032800E0A114 /* Frameworks */,
				71EE2B941B6C032800E0A114 /* Resources */,
			);
			buildRules = (
			);
			dependencies = (
			);
			name = MemeMe;
			productName = MemeMe;
			productReference = 71EE2B961B6C032800E0A114 /* MemeMe.app */;
			productType = "com.apple.product-type.application";
		};
		71EE2BAA1B6C032800E0A114 /* MemeMeTests */ = {
			isa = PBXNativeTarget;
			buildConfigurationList = 71EE2BB81B6C032800E0A114 /* Build configuration list for PBXNativeTarget "MemeMeTests" */;
			buildPhases = (
				71EE2BA71B6C032800E0A114 /* Sources */,
				71EE2BA81B6C032800E0A114 /* Frameworks */,
				71EE2BA91B6C032800E0A114 /* Resources */,
			);
			buildRules = (
			);
			dependencies = (
				71EE2BAD1B6C032800E0A114 /* PBXTargetDependency */,
			);
			name = MemeMeTests;
			productName = MemeMeTests;
			productReference = 71EE2BAB1B6C032800E0A114 /* MemeMeTests.xctest */;
			productType = "com.apple.product-type.bundle.unit-test";
		};
/* End PBXNativeTarget section */

/* Begin PBXProject section */
		71EE2B8E1B6C032800E0A114 /* Project object */ = {
			isa = PBXProject;
			attributes = {
				LastUpgradeCheck = 0640;
				ORGANIZATIONNAME = "Julia Will";
				TargetAttributes = {
					71EE2B951B6C032800E0A114 = {
						CreatedOnToolsVersion = 6.4;
					};
					71EE2BAA1B6C032800E0A114 = {
						CreatedOnToolsVersion = 6.4;
						TestTargetID = 71EE2B951B6C032800E0A114;
					};
				};
			};
			buildConfigurationList = 71EE2B911B6C032800E0A114 /* Build configuration list for PBXProject "MemeMe" */;
			compatibilityVersion = "Xcode 3.2";
			developmentRegion = English;
			hasScannedForEncodings = 0;
			knownRegions = (
				en,
				Base,
			);
			mainGroup = 71EE2B8D1B6C032800E0A114;
			productRefGroup = 71EE2B971B6C032800E0A114 /* Products */;
			projectDirPath = "";
			projectRoot = "";
			targets = (
				71EE2B951B6C032800E0A114 /* MemeMe */,
				71EE2BAA1B6C032800E0A114 /* MemeMeTests */,
			);
		};
/* End PBXProject section */

/* Begin PBXResourcesBuildPhase section */
		71EE2B941B6C032800E0A114 /* Resources */ = {
			isa = PBXResourcesBuildPhase;
			buildActionMask = 2147483647;
			files = (
				71EE2BC01B6D607500E0A114 /* Karbon-Bold.otf in Resources */,
				71EE2BA11B6C032800E0A114 /* Main.storyboard in Resources */,
				71EE2BA61B6C032800E0A114 /* LaunchScreen.xib in Resources */,
				71EE2BA31B6C032800E0A114 /* Images.xcassets in Resources */,
			);
			runOnlyForDeploymentPostprocessing = 0;
		};
		71EE2BA91B6C032800E0A114 /* Resources */ = {
			isa = PBXResourcesBuildPhase;
			buildActionMask = 2147483647;
			files = (
			);
			runOnlyForDeploymentPostprocessing = 0;
		};
/* End PBXResourcesBuildPhase section */

/* Begin PBXSourcesBuildPhase section */
		71EE2B921B6C032800E0A114 /* Sources */ = {
			isa = PBXSourcesBuildPhase;
			buildActionMask = 2147483647;
			files = (
				71EE2B9E1B6C032800E0A114 /* ViewController.swift in Sources */,
				71EE2B9C1B6C032800E0A114 /* AppDelegate.swift in Sources */,
				71EE2BBE1B6D531F00E0A114 /* MemeTextFieldDelegate.swift in Sources */,
				71EE2BBC1B6C9D8C00E0A114 /* MemeTextField.swift in Sources */,
			);
			runOnlyForDeploymentPostprocessing = 0;
		};
		71EE2BA71B6C032800E0A114 /* Sources */ = {
			isa = PBXSourcesBuildPhase;
			buildActionMask = 2147483647;
			files = (
				71EE2BB21B6C032800E0A114 /* MemeMeTests.swift in Sources */,
			);
			runOnlyForDeploymentPostprocessing = 0;
		};
/* End PBXSourcesBuildPhase section */

/* Begin PBXTargetDependency section */
		71EE2BAD1B6C032800E0A114 /* PBXTargetDependency */ = {
			isa = PBXTargetDependency;
			target = 71EE2B951B6C032800E0A114 /* MemeMe */;
			targetProxy = 71EE2BAC1B6C032800E0A114 /* PBXContainerItemProxy */;
		};
/* End PBXTargetDependency section */

/* Begin PBXVariantGroup section */
		71EE2B9F1B6C032800E0A114 /* Main.storyboard */ = {
			isa = PBXVariantGroup;
			children = (
				71EE2BA01B6C032800E0A114 /* Base */,
			);
			name = Main.storyboard;
			sourceTree = "<group>";
		};
		71EE2BA41B6C032800E0A114 /* LaunchScreen.xib */ = {
			isa = PBXVariantGroup;
			children = (
				71EE2BA51B6C032800E0A114 /* Base */,
			);
			name = LaunchScreen.xib;
			sourceTree = "<group>";
		};
/* End PBXVariantGroup section */

/* Begin XCBuildConfiguration section */
		71EE2BB31B6C032800E0A114 /* Debug */ = {
			isa = XCBuildConfiguration;
			buildSettings = {
				ALWAYS_SEARCH_USER_PATHS = NO;
				CLANG_CXX_LANGUAGE_STANDARD = "gnu++0x";
				CLANG_CXX_LIBRARY = "libc++";
				CLANG_ENABLE_MODULES = YES;
				CLANG_ENABLE_OBJC_ARC = YES;
				CLANG_WARN_BOOL_CONVERSION = YES;
				CLANG_WARN_CONSTANT_CONVERSION = YES;
				CLANG_WARN_DIRECT_OBJC_ISA_USAGE = YES_ERROR;
				CLANG_WARN_EMPTY_BODY = YES;
				CLANG_WARN_ENUM_CONVERSION = YES;
				CLANG_WARN_INT_CONVERSION = YES;
				CLANG_WARN_OBJC_ROOT_CLASS = YES_ERROR;
				CLANG_WARN_UNREACHABLE_CODE = YES;
				CLANG_WARN__DUPLICATE_METHOD_MATCH = YES;
				"CODE_SIGN_IDENTITY[sdk=iphoneos*]" = "iPhone Developer";
				COPY_PHASE_STRIP = NO;
				DEBUG_INFORMATION_FORMAT = "dwarf-with-dsym";
				ENABLE_STRICT_OBJC_MSGSEND = YES;
				GCC_C_LANGUAGE_STANDARD = gnu99;
				GCC_DYNAMIC_NO_PIC = NO;
				GCC_NO_COMMON_BLOCKS = YES;
				GCC_OPTIMIZATION_LEVEL = 0;
				GCC_PREPROCESSOR_DEFINITIONS = (
					"DEBUG=1",
					"$(inherited)",
				);
				GCC_SYMBOLS_PRIVATE_EXTERN = NO;
				GCC_WARN_64_TO_32_BIT_CONVERSION = YES;
				GCC_WARN_ABOUT_RETURN_TYPE = YES_ERROR;
				GCC_WARN_UNDECLARED_SELECTOR = YES;
				GCC_WARN_UNINITIALIZED_AUTOS = YES_AGGRESSIVE;
				GCC_WARN_UNUSED_FUNCTION = YES;
				GCC_WARN_UNUSED_VARIABLE = YES;
				IPHONEOS_DEPLOYMENT_TARGET = 8.4;
				MTL_ENABLE_DEBUG_INFO = YES;
				ONLY_ACTIVE_ARCH = YES;
				SDKROOT = iphoneos;
				SWIFT_OPTIMIZATION_LEVEL = "-Onone";
			};
			name = Debug;
		};
		71EE2BB41B6C032800E0A114 /* Release */ = {
			isa = XCBuildConfiguration;
			buildSettings = {
				ALWAYS_SEARCH_USER_PATHS = NO;
				CLANG_CXX_LANGUAGE_STANDARD = "gnu++0x";
				CLANG_CXX_LIBRARY = "libc++";
				CLANG_ENABLE_MODULES = YES;
				CLANG_ENABLE_OBJC_ARC = YES;
				CLANG_WARN_BOOL_CONVERSION = YES;
				CLANG_WARN_CONSTANT_CONVERSION = YES;
				CLANG_WARN_DIRECT_OBJC_ISA_USAGE = YES_ERROR;
				CLANG_WARN_EMPTY_BODY = YES;
				CLANG_WARN_ENUM_CONVERSION = YES;
				CLANG_WARN_INT_CONVERSION = YES;
				CLANG_WARN_OBJC_ROOT_CLASS = YES_ERROR;
				CLANG_WARN_UNREACHABLE_CODE = YES;
				CLANG_WARN__DUPLICATE_METHOD_MATCH = YES;
				"CODE_SIGN_IDENTITY[sdk=iphoneos*]" = "iPhone Developer";
				COPY_PHASE_STRIP = NO;
				DEBUG_INFORMATION_FORMAT = "dwarf-with-dsym";
				ENABLE_NS_ASSERTIONS = NO;
				ENABLE_STRICT_OBJC_MSGSEND = YES;
				GCC_C_LANGUAGE_STANDARD = gnu99;
				GCC_NO_COMMON_BLOCKS = YES;
				GCC_WARN_64_TO_32_BIT_CONVERSION = YES;
				GCC_WARN_ABOUT_RETURN_TYPE = YES_ERROR;
				GCC_WARN_UNDECLARED_SELECTOR = YES;
				GCC_WARN_UNINITIALIZED_AUTOS = YES_AGGRESSIVE;
				GCC_WARN_UNUSED_FUNCTION = YES;
				GCC_WARN_UNUSED_VARIABLE = YES;
				IPHONEOS_DEPLOYMENT_TARGET = 8.4;
				MTL_ENABLE_DEBUG_INFO = NO;
				SDKROOT = iphoneos;
				VALIDATE_PRODUCT = YES;
			};
			name = Release;
		};
		71EE2BB61B6C032800E0A114 /* Debug */ = {
			isa = XCBuildConfiguration;
			buildSettings = {
				ASSETCATALOG_COMPILER_APPICON_NAME = AppIcon;
				INFOPLIST_FILE = MemeMe/Info.plist;
				LD_RUNPATH_SEARCH_PATHS = "$(inherited) @executable_path/Frameworks";
				PRODUCT_NAME = "$(TARGET_NAME)";
			};
			name = Debug;
		};
		71EE2BB71B6C032800E0A114 /* Release */ = {
			isa = XCBuildConfiguration;
			buildSettings = {
				ASSETCATALOG_COMPILER_APPICON_NAME = AppIcon;
				INFOPLIST_FILE = MemeMe/Info.plist;
				LD_RUNPATH_SEARCH_PATHS = "$(inherited) @executable_path/Frameworks";
				PRODUCT_NAME = "$(TARGET_NAME)";
			};
			name = Release;
		};
		71EE2BB91B6C032800E0A114 /* Debug */ = {
			isa = XCBuildConfiguration;
			buildSettings = {
				BUNDLE_LOADER = "$(TEST_HOST)";
				FRAMEWORK_SEARCH_PATHS = (
					"$(SDKROOT)/Developer/Library/Frameworks",
					"$(inherited)",
				);
				GCC_PREPROCESSOR_DEFINITIONS = (
					"DEBUG=1",
					"$(inherited)",
				);
				INFOPLIST_FILE = MemeMeTests/Info.plist;
				LD_RUNPATH_SEARCH_PATHS = "$(inherited) @executable_path/Frameworks @loader_path/Frameworks";
				PRODUCT_NAME = "$(TARGET_NAME)";
				TEST_HOST = "$(BUILT_PRODUCTS_DIR)/MemeMe.app/MemeMe";
			};
			name = Debug;
		};
		71EE2BBA1B6C032800E0A114 /* Release */ = {
			isa = XCBuildConfiguration;
			buildSettings = {
				BUNDLE_LOADER = "$(TEST_HOST)";
				FRAMEWORK_SEARCH_PATHS = (
					"$(SDKROOT)/Developer/Library/Frameworks",
					"$(inherited)",
				);
				INFOPLIST_FILE = MemeMeTests/Info.plist;
				LD_RUNPATH_SEARCH_PATHS = "$(inherited) @executable_path/Frameworks @loader_path/Frameworks";
				PRODUCT_NAME = "$(TARGET_NAME)";
				TEST_HOST = "$(BUILT_PRODUCTS_DIR)/MemeMe.app/MemeMe";
			};
			name = Release;
		};
/* End XCBuildConfiguration section */

/* Begin XCConfigurationList section */
		71EE2B911B6C032800E0A114 /* Build configuration list for PBXProject "MemeMe" */ = {
			isa = XCConfigurationList;
			buildConfigurations = (
				71EE2BB31B6C032800E0A114 /* Debug */,
				71EE2BB41B6C032800E0A114 /* Release */,
			);
			defaultConfigurationIsVisible = 0;
			defaultConfigurationName = Release;
		};
		71EE2BB51B6C032800E0A114 /* Build configuration list for PBXNativeTarget "MemeMe" */ = {
			isa = XCConfigurationList;
			buildConfigurations = (
				71EE2BB61B6C032800E0A114 /* Debug */,
				71EE2BB71B6C032800E0A114 /* Release */,
			);
			defaultConfigurationIsVisible = 0;
		};
		71EE2BB81B6C032800E0A114 /* Build configuration list for PBXNativeTarget "MemeMeTests" */ = {
			isa = XCConfigurationList;
			buildConfigurations = (
				71EE2BB91B6C032800E0A114 /* Debug */,
				71EE2BBA1B6C032800E0A114 /* Release */,
			);
			defaultConfigurationIsVisible = 0;
		};
/* End XCConfigurationList section */
	};
	rootObject = 71EE2B8E1B6C032800E0A114 /* Project object */;
}
